
Microsoft Visual Studio Solution File, Format Version 12.00
# Visual Studio Version 16
VisualStudioVersion = 16.0.30011.22
MinimumVisualStudioVersion = 10.0.40219.1
Project("{FAE04EC0-301F-11D3-BF4B-00C04F79EFBC}") = "CoreProje", "CoreProje\CoreProje.csproj", "{B4F33AB6-D232-4D9A-9C04-ED52D19B9FD6}"
EndProject
Global
	GlobalSection(SolutionConfigurationPlatforms) = preSolution
		Debug|Any CPU = Debug|Any CPU
		Release|Any CPU = Release|Any CPU
	EndGlobalSection
	GlobalSection(ProjectConfigurationPlatforms) = postSolution
		{B4F33AB6-D232-4D9A-9C04-ED52D19B9FD6}.Debug|Any CPU.ActiveCfg = Debug|Any CPU
		{B4F33AB6-D232-4D9A-9C04-ED52D19B9FD6}.Debug|Any CPU.Build.0 = Debug|Any CPU
		{B4F33AB6-D232-4D9A-9C04-ED52D19B9FD6}.Release|Any CPU.ActiveCfg = Release|Any CPU
		{B4F33AB6-D232-4D9A-9C04-ED52D19B9FD6}.Release|Any CPU.Build.0 = Release|Any CPU
	EndGlobalSection
	GlobalSection(SolutionProperties) = preSolution
		HideSolutionNode = FALSE
	EndGlobalSection
	GlobalSection(ExtensibilityGlobals) = postSolution
		SolutionGuid = {506422F8-1367-40A5-B1F2-B0B9237DDE51}
	EndGlobalSection
EndGlobal
